
Microsoft Visual Studio Solution File, Format Version 12.00
# Visual Studio Version 16
VisualStudioVersion = 16.0.30114.105
MinimumVisualStudioVersion = 10.0.40219.1
Project("{FAE04EC0-301F-11D3-BF4B-00C04F79EFBC}") = "Fundamentos", "Fundamentos\bootcamp-potencial-net-developer-dio.csproj", "{B6C72361-585D-4B94-B1BF-C0D77C5F6024}"
EndProject
Project("{FAE04EC0-301F-11D3-BF4B-00C04F79EFBC}") = "Fundamentos.Common", "Fundamentos.Common\Fundamentos.Common.csproj", "{E87B7393-AA35-44B5-919F-F1E88538A798}"
EndProject
Project("{FAE04EC0-301F-11D3-BF4B-00C04F79EFBC}") = "DesafioDeCodigo1", "DesafioDeCodigo1\DesafioDeCodigo1.csproj", "{505073FB-E5C0-49B3-854F-0C7501343E15}"
EndProject
Project("{FAE04EC0-301F-11D3-BF4B-00C04F79EFBC}") = "DesafioDeCodigo2", "DesafioDeCodigo2\DesafioDeCodigo2.csproj", "{02CA7E33-38F6-4158-8D84-85E63E4A8E85}"
EndProject
Project("{FAE04EC0-301F-11D3-BF4B-00C04F79EFBC}") = "DesafioDeCodigo3", "DesafioDeCodigo3\DesafioDeCodigo3.csproj", "{FB750909-A00D-4072-862C-FB6C80A62064}"
EndProject
Global
	GlobalSection(SolutionConfigurationPlatforms) = preSolution
		Debug|Any CPU = Debug|Any CPU
		Release|Any CPU = Release|Any CPU
	EndGlobalSection
	GlobalSection(SolutionProperties) = preSolution
		HideSolutionNode = FALSE
	EndGlobalSection
	GlobalSection(ProjectConfigurationPlatforms) = postSolution
		{B6C72361-585D-4B94-B1BF-C0D77C5F6024}.Debug|Any CPU.ActiveCfg = Debug|Any CPU
		{B6C72361-585D-4B94-B1BF-C0D77C5F6024}.Debug|Any CPU.Build.0 = Debug|Any CPU
		{B6C72361-585D-4B94-B1BF-C0D77C5F6024}.Release|Any CPU.ActiveCfg = Release|Any CPU
		{B6C72361-585D-4B94-B1BF-C0D77C5F6024}.Release|Any CPU.Build.0 = Release|Any CPU
		{E87B7393-AA35-44B5-919F-F1E88538A798}.Debug|Any CPU.ActiveCfg = Debug|Any CPU
		{E87B7393-AA35-44B5-919F-F1E88538A798}.Debug|Any CPU.Build.0 = Debug|Any CPU
		{E87B7393-AA35-44B5-919F-F1E88538A798}.Release|Any CPU.ActiveCfg = Release|Any CPU
		{E87B7393-AA35-44B5-919F-F1E88538A798}.Release|Any CPU.Build.0 = Release|Any CPU
		{505073FB-E5C0-49B3-854F-0C7501343E15}.Debug|Any CPU.ActiveCfg = Debug|Any CPU
		{505073FB-E5C0-49B3-854F-0C7501343E15}.Debug|Any CPU.Build.0 = Debug|Any CPU
		{505073FB-E5C0-49B3-854F-0C7501343E15}.Release|Any CPU.ActiveCfg = Release|Any CPU
		{505073FB-E5C0-49B3-854F-0C7501343E15}.Release|Any CPU.Build.0 = Release|Any CPU
		{02CA7E33-38F6-4158-8D84-85E63E4A8E85}.Debug|Any CPU.ActiveCfg = Debug|Any CPU
		{02CA7E33-38F6-4158-8D84-85E63E4A8E85}.Debug|Any CPU.Build.0 = Debug|Any CPU
		{02CA7E33-38F6-4158-8D84-85E63E4A8E85}.Release|Any CPU.ActiveCfg = Release|Any CPU
		{02CA7E33-38F6-4158-8D84-85E63E4A8E85}.Release|Any CPU.Build.0 = Release|Any CPU
		{FB750909-A00D-4072-862C-FB6C80A62064}.Debug|Any CPU.ActiveCfg = Debug|Any CPU
		{FB750909-A00D-4072-862C-FB6C80A62064}.Debug|Any CPU.Build.0 = Debug|Any CPU
		{FB750909-A00D-4072-862C-FB6C80A62064}.Release|Any CPU.ActiveCfg = Release|Any CPU
		{FB750909-A00D-4072-862C-FB6C80A62064}.Release|Any CPU.Build.0 = Release|Any CPU
	EndGlobalSection
EndGlobal
