
Microsoft Visual Studio Solution File, Format Version 12.00
# Visual Studio Version 16
VisualStudioVersion = 16.0.30114.105
MinimumVisualStudioVersion = 10.0.40219.1
Project("{FAE04EC0-301F-11D3-BF4B-00C04F79EFBC}") = "Fundamentos", "Fundamentos\bootcamp-potencial-net-developer-dio.csproj", "{B6C72361-585D-4B94-B1BF-C0D77C5F6024}"
EndProject
Project("{FAE04EC0-301F-11D3-BF4B-00C04F79EFBC}") = "Fundamentos.Common", "Fundamentos.Common\Fundamentos.Common.csproj", "{E87B7393-AA35-44B5-919F-F1E88538A798}"
EndProject
Project("{FAE04EC0-301F-11D3-BF4B-00C04F79EFBC}") = "DesafioDeCodigo1", "DesafioDeCodigo1\DesafioDeCodigo1.csproj", "{505073FB-E5C0-49B3-854F-0C7501343E15}"
EndProject
Project("{FAE04EC0-301F-11D3-BF4B-00C04F79EFBC}") = "DesafioDeCodigo2", "DesafioDeCodigo2\DesafioDeCodigo2.csproj", "{02CA7E33-38F6-4158-8D84-85E63E4A8E85}"
EndProject
Project("{FAE04EC0-301F-11D3-BF4B-00C04F79EFBC}") = "DesafioDeCodigo3", "DesafioDeCodigo3\DesafioDeCodigo3.csproj", "{FB750909-A00D-4072-862C-FB6C80A62064}"
EndProject
Project("{FAE04EC0-301F-11D3-BF4B-00C04F79EFBC}") = "Estacionamento", "Estacionamento\Estacionamento.csproj", "{860C6412-7B4D-4272-B6BC-7B3AE9AC02DB}"
EndProject
Project("{FAE04EC0-301F-11D3-BF4B-00C04F79EFBC}") = "ExplorandoCSharp", "ExplorandoCSharp\ExplorandoCSharp.csproj", "{AC2A9798-5832-4480-A2C3-86B8C9653F1A}"
EndProject
Project("{FAE04EC0-301F-11D3-BF4B-00C04F79EFBC}") = "Excecoes", "Excecoes\Excecoes.csproj", "{B8EBEBE6-9E0D-4EEF-99DC-D35CFFE5471B}"
EndProject
Project("{FAE04EC0-301F-11D3-BF4B-00C04F79EFBC}") = "FIFO", "FIFO\FIFO.csproj", "{7C413008-D1FD-4820-B314-273A6E0079FF}"
EndProject
Project("{FAE04EC0-301F-11D3-BF4B-00C04F79EFBC}") = "Pills", "Pills\Pills.csproj", "{4A55F8AC-D665-4503-95E8-F22411D54B55}"
EndProject
Project("{FAE04EC0-301F-11D3-BF4B-00C04F79EFBC}") = "Dictionary", "Dictionary\Dictionary.csproj", "{AECFC8B2-476F-4712-B74E-638DA0C418E1}"
EndProject
Project("{FAE04EC0-301F-11D3-BF4B-00C04F79EFBC}") = "Tuplas", "Tuplas\Tuplas.csproj", "{90A20555-FEDF-4DDD-8EB8-1CAE0DE24E8B}"
EndProject
Project("{FAE04EC0-301F-11D3-BF4B-00C04F79EFBC}") = "Desconstrutor", "Desconstrutor\Desconstrutor.csproj", "{E4C8E2F2-84D1-4225-A4BC-674B5A772341}"
EndProject
Project("{FAE04EC0-301F-11D3-BF4B-00C04F79EFBC}") = "IFternario", "IFternario\IFternario.csproj", "{0A60B6FF-7CC6-4CD5-9351-ABF124814577}"
EndProject
Project("{FAE04EC0-301F-11D3-BF4B-00C04F79EFBC}") = "Serializacao", "Serializacao\Serializacao.csproj", "{DBDE8B06-336F-42CE-9400-7A2B8DF19B83}"
EndProject
Project("{FAE04EC0-301F-11D3-BF4B-00C04F79EFBC}") = "Generics", "Generics\Generics.csproj", "{87D2F988-F117-4B88-9394-1E3504BA6C1E}"
EndProject
Project("{FAE04EC0-301F-11D3-BF4B-00C04F79EFBC}") = "MetodoDeExtensao", "MetodoDeExtensao\MetodoDeExtensao.csproj", "{D2CDEA8F-83BD-42AB-813A-EB5A1CB59699}"
EndProject
Project("{FAE04EC0-301F-11D3-BF4B-00C04F79EFBC}") = "DesafioDeCodigo4", "DesafioDeCodigo4\DesafioDeCodigo4.csproj", "{BAC80267-C78F-40F2-89DA-D9D62D81A37D}"
EndProject
Project("{FAE04EC0-301F-11D3-BF4B-00C04F79EFBC}") = "DesafioDeCodigo5", "DesafioDeCodigo5\DesafioDeCodigo5.csproj", "{A34A257F-A8C4-48CD-8C20-6F4F4FAC1E25}"
EndProject
Project("{FAE04EC0-301F-11D3-BF4B-00C04F79EFBC}") = "DesafioDeCodigo6", "DesafioDeCodigo6\DesafioDeCodigo6.csproj", "{B1E92266-36DD-43BC-A44A-D4120C718434}"
EndProject
Project("{FAE04EC0-301F-11D3-BF4B-00C04F79EFBC}") = "HospedagemDeHotel", "HospedagemDeHotel\HospedagemDeHotel.csproj", "{80ED628C-011B-492C-99E9-727589D6329D}"
EndProject
Global
	GlobalSection(SolutionConfigurationPlatforms) = preSolution
		Debug|Any CPU = Debug|Any CPU
		Release|Any CPU = Release|Any CPU
	EndGlobalSection
	GlobalSection(SolutionProperties) = preSolution
		HideSolutionNode = FALSE
	EndGlobalSection
	GlobalSection(ProjectConfigurationPlatforms) = postSolution
		{B6C72361-585D-4B94-B1BF-C0D77C5F6024}.Debug|Any CPU.ActiveCfg = Debug|Any CPU
		{B6C72361-585D-4B94-B1BF-C0D77C5F6024}.Debug|Any CPU.Build.0 = Debug|Any CPU
		{B6C72361-585D-4B94-B1BF-C0D77C5F6024}.Release|Any CPU.ActiveCfg = Release|Any CPU
		{B6C72361-585D-4B94-B1BF-C0D77C5F6024}.Release|Any CPU.Build.0 = Release|Any CPU
		{E87B7393-AA35-44B5-919F-F1E88538A798}.Debug|Any CPU.ActiveCfg = Debug|Any CPU
		{E87B7393-AA35-44B5-919F-F1E88538A798}.Debug|Any CPU.Build.0 = Debug|Any CPU
		{E87B7393-AA35-44B5-919F-F1E88538A798}.Release|Any CPU.ActiveCfg = Release|Any CPU
		{E87B7393-AA35-44B5-919F-F1E88538A798}.Release|Any CPU.Build.0 = Release|Any CPU
		{505073FB-E5C0-49B3-854F-0C7501343E15}.Debug|Any CPU.ActiveCfg = Debug|Any CPU
		{505073FB-E5C0-49B3-854F-0C7501343E15}.Debug|Any CPU.Build.0 = Debug|Any CPU
		{505073FB-E5C0-49B3-854F-0C7501343E15}.Release|Any CPU.ActiveCfg = Release|Any CPU
		{505073FB-E5C0-49B3-854F-0C7501343E15}.Release|Any CPU.Build.0 = Release|Any CPU
		{02CA7E33-38F6-4158-8D84-85E63E4A8E85}.Debug|Any CPU.ActiveCfg = Debug|Any CPU
		{02CA7E33-38F6-4158-8D84-85E63E4A8E85}.Debug|Any CPU.Build.0 = Debug|Any CPU
		{02CA7E33-38F6-4158-8D84-85E63E4A8E85}.Release|Any CPU.ActiveCfg = Release|Any CPU
		{02CA7E33-38F6-4158-8D84-85E63E4A8E85}.Release|Any CPU.Build.0 = Release|Any CPU
		{FB750909-A00D-4072-862C-FB6C80A62064}.Debug|Any CPU.ActiveCfg = Debug|Any CPU
		{FB750909-A00D-4072-862C-FB6C80A62064}.Debug|Any CPU.Build.0 = Debug|Any CPU
		{FB750909-A00D-4072-862C-FB6C80A62064}.Release|Any CPU.ActiveCfg = Release|Any CPU
		{FB750909-A00D-4072-862C-FB6C80A62064}.Release|Any CPU.Build.0 = Release|Any CPU
		{860C6412-7B4D-4272-B6BC-7B3AE9AC02DB}.Debug|Any CPU.ActiveCfg = Debug|Any CPU
		{860C6412-7B4D-4272-B6BC-7B3AE9AC02DB}.Debug|Any CPU.Build.0 = Debug|Any CPU
		{860C6412-7B4D-4272-B6BC-7B3AE9AC02DB}.Release|Any CPU.ActiveCfg = Release|Any CPU
		{860C6412-7B4D-4272-B6BC-7B3AE9AC02DB}.Release|Any CPU.Build.0 = Release|Any CPU
		{AC2A9798-5832-4480-A2C3-86B8C9653F1A}.Debug|Any CPU.ActiveCfg = Debug|Any CPU
		{AC2A9798-5832-4480-A2C3-86B8C9653F1A}.Debug|Any CPU.Build.0 = Debug|Any CPU
		{AC2A9798-5832-4480-A2C3-86B8C9653F1A}.Release|Any CPU.ActiveCfg = Release|Any CPU
		{AC2A9798-5832-4480-A2C3-86B8C9653F1A}.Release|Any CPU.Build.0 = Release|Any CPU
		{B8EBEBE6-9E0D-4EEF-99DC-D35CFFE5471B}.Debug|Any CPU.ActiveCfg = Debug|Any CPU
		{B8EBEBE6-9E0D-4EEF-99DC-D35CFFE5471B}.Debug|Any CPU.Build.0 = Debug|Any CPU
		{B8EBEBE6-9E0D-4EEF-99DC-D35CFFE5471B}.Release|Any CPU.ActiveCfg = Release|Any CPU
		{B8EBEBE6-9E0D-4EEF-99DC-D35CFFE5471B}.Release|Any CPU.Build.0 = Release|Any CPU
		{7C413008-D1FD-4820-B314-273A6E0079FF}.Debug|Any CPU.ActiveCfg = Debug|Any CPU
		{7C413008-D1FD-4820-B314-273A6E0079FF}.Debug|Any CPU.Build.0 = Debug|Any CPU
		{7C413008-D1FD-4820-B314-273A6E0079FF}.Release|Any CPU.ActiveCfg = Release|Any CPU
		{7C413008-D1FD-4820-B314-273A6E0079FF}.Release|Any CPU.Build.0 = Release|Any CPU
		{4A55F8AC-D665-4503-95E8-F22411D54B55}.Debug|Any CPU.ActiveCfg = Debug|Any CPU
		{4A55F8AC-D665-4503-95E8-F22411D54B55}.Debug|Any CPU.Build.0 = Debug|Any CPU
		{4A55F8AC-D665-4503-95E8-F22411D54B55}.Release|Any CPU.ActiveCfg = Release|Any CPU
		{4A55F8AC-D665-4503-95E8-F22411D54B55}.Release|Any CPU.Build.0 = Release|Any CPU
		{AECFC8B2-476F-4712-B74E-638DA0C418E1}.Debug|Any CPU.ActiveCfg = Debug|Any CPU
		{AECFC8B2-476F-4712-B74E-638DA0C418E1}.Debug|Any CPU.Build.0 = Debug|Any CPU
		{AECFC8B2-476F-4712-B74E-638DA0C418E1}.Release|Any CPU.ActiveCfg = Release|Any CPU
		{AECFC8B2-476F-4712-B74E-638DA0C418E1}.Release|Any CPU.Build.0 = Release|Any CPU
		{90A20555-FEDF-4DDD-8EB8-1CAE0DE24E8B}.Debug|Any CPU.ActiveCfg = Debug|Any CPU
		{90A20555-FEDF-4DDD-8EB8-1CAE0DE24E8B}.Debug|Any CPU.Build.0 = Debug|Any CPU
		{90A20555-FEDF-4DDD-8EB8-1CAE0DE24E8B}.Release|Any CPU.ActiveCfg = Release|Any CPU
		{90A20555-FEDF-4DDD-8EB8-1CAE0DE24E8B}.Release|Any CPU.Build.0 = Release|Any CPU
		{E4C8E2F2-84D1-4225-A4BC-674B5A772341}.Debug|Any CPU.ActiveCfg = Debug|Any CPU
		{E4C8E2F2-84D1-4225-A4BC-674B5A772341}.Debug|Any CPU.Build.0 = Debug|Any CPU
		{E4C8E2F2-84D1-4225-A4BC-674B5A772341}.Release|Any CPU.ActiveCfg = Release|Any CPU
		{E4C8E2F2-84D1-4225-A4BC-674B5A772341}.Release|Any CPU.Build.0 = Release|Any CPU
		{0A60B6FF-7CC6-4CD5-9351-ABF124814577}.Debug|Any CPU.ActiveCfg = Debug|Any CPU
		{0A60B6FF-7CC6-4CD5-9351-ABF124814577}.Debug|Any CPU.Build.0 = Debug|Any CPU
		{0A60B6FF-7CC6-4CD5-9351-ABF124814577}.Release|Any CPU.ActiveCfg = Release|Any CPU
		{0A60B6FF-7CC6-4CD5-9351-ABF124814577}.Release|Any CPU.Build.0 = Release|Any CPU
		{DBDE8B06-336F-42CE-9400-7A2B8DF19B83}.Debug|Any CPU.ActiveCfg = Debug|Any CPU
		{DBDE8B06-336F-42CE-9400-7A2B8DF19B83}.Debug|Any CPU.Build.0 = Debug|Any CPU
		{DBDE8B06-336F-42CE-9400-7A2B8DF19B83}.Release|Any CPU.ActiveCfg = Release|Any CPU
		{DBDE8B06-336F-42CE-9400-7A2B8DF19B83}.Release|Any CPU.Build.0 = Release|Any CPU
		{87D2F988-F117-4B88-9394-1E3504BA6C1E}.Debug|Any CPU.ActiveCfg = Debug|Any CPU
		{87D2F988-F117-4B88-9394-1E3504BA6C1E}.Debug|Any CPU.Build.0 = Debug|Any CPU
		{87D2F988-F117-4B88-9394-1E3504BA6C1E}.Release|Any CPU.ActiveCfg = Release|Any CPU
		{87D2F988-F117-4B88-9394-1E3504BA6C1E}.Release|Any CPU.Build.0 = Release|Any CPU
		{D2CDEA8F-83BD-42AB-813A-EB5A1CB59699}.Debug|Any CPU.ActiveCfg = Debug|Any CPU
		{D2CDEA8F-83BD-42AB-813A-EB5A1CB59699}.Debug|Any CPU.Build.0 = Debug|Any CPU
		{D2CDEA8F-83BD-42AB-813A-EB5A1CB59699}.Release|Any CPU.ActiveCfg = Release|Any CPU
		{D2CDEA8F-83BD-42AB-813A-EB5A1CB59699}.Release|Any CPU.Build.0 = Release|Any CPU
		{BAC80267-C78F-40F2-89DA-D9D62D81A37D}.Debug|Any CPU.ActiveCfg = Debug|Any CPU
		{BAC80267-C78F-40F2-89DA-D9D62D81A37D}.Debug|Any CPU.Build.0 = Debug|Any CPU
		{BAC80267-C78F-40F2-89DA-D9D62D81A37D}.Release|Any CPU.ActiveCfg = Release|Any CPU
		{BAC80267-C78F-40F2-89DA-D9D62D81A37D}.Release|Any CPU.Build.0 = Release|Any CPU
		{A34A257F-A8C4-48CD-8C20-6F4F4FAC1E25}.Debug|Any CPU.ActiveCfg = Debug|Any CPU
		{A34A257F-A8C4-48CD-8C20-6F4F4FAC1E25}.Debug|Any CPU.Build.0 = Debug|Any CPU
		{A34A257F-A8C4-48CD-8C20-6F4F4FAC1E25}.Release|Any CPU.ActiveCfg = Release|Any CPU
		{A34A257F-A8C4-48CD-8C20-6F4F4FAC1E25}.Release|Any CPU.Build.0 = Release|Any CPU
		{B1E92266-36DD-43BC-A44A-D4120C718434}.Debug|Any CPU.ActiveCfg = Debug|Any CPU
		{B1E92266-36DD-43BC-A44A-D4120C718434}.Debug|Any CPU.Build.0 = Debug|Any CPU
		{B1E92266-36DD-43BC-A44A-D4120C718434}.Release|Any CPU.ActiveCfg = Release|Any CPU
		{B1E92266-36DD-43BC-A44A-D4120C718434}.Release|Any CPU.Build.0 = Release|Any CPU
		{80ED628C-011B-492C-99E9-727589D6329D}.Debug|Any CPU.ActiveCfg = Debug|Any CPU
		{80ED628C-011B-492C-99E9-727589D6329D}.Debug|Any CPU.Build.0 = Debug|Any CPU
		{80ED628C-011B-492C-99E9-727589D6329D}.Release|Any CPU.ActiveCfg = Release|Any CPU
		{80ED628C-011B-492C-99E9-727589D6329D}.Release|Any CPU.Build.0 = Release|Any CPU
	EndGlobalSection
EndGlobal
