
Microsoft Visual Studio Solution File, Format Version 12.00
# Visual Studio Version 16
VisualStudioVersion = 16.0.30114.105
MinimumVisualStudioVersion = 10.0.40219.1
Project("{FAE04EC0-301F-11D3-BF4B-00C04F79EFBC}") = "bootcamp-potencial-net-developer-dio", "bootcamp-potencial-net-developer-dio.csproj", "{B6C72361-585D-4B94-B1BF-C0D77C5F6024}"
EndProject
Project("{FAE04EC0-301F-11D3-BF4B-00C04F79EFBC}") = "Fundamentos.Common", "Fundamentos.Common\Fundamentos.Common.csproj", "{E87B7393-AA35-44B5-919F-F1E88538A798}"
EndProject
Global
	GlobalSection(SolutionConfigurationPlatforms) = preSolution
		Debug|Any CPU = Debug|Any CPU
		Release|Any CPU = Release|Any CPU
	EndGlobalSection
	GlobalSection(SolutionProperties) = preSolution
		HideSolutionNode = FALSE
	EndGlobalSection
	GlobalSection(ProjectConfigurationPlatforms) = postSolution
		{B6C72361-585D-4B94-B1BF-C0D77C5F6024}.Debug|Any CPU.ActiveCfg = Debug|Any CPU
		{B6C72361-585D-4B94-B1BF-C0D77C5F6024}.Debug|Any CPU.Build.0 = Debug|Any CPU
		{B6C72361-585D-4B94-B1BF-C0D77C5F6024}.Release|Any CPU.ActiveCfg = Release|Any CPU
		{B6C72361-585D-4B94-B1BF-C0D77C5F6024}.Release|Any CPU.Build.0 = Release|Any CPU
		{E87B7393-AA35-44B5-919F-F1E88538A798}.Debug|Any CPU.ActiveCfg = Debug|Any CPU
		{E87B7393-AA35-44B5-919F-F1E88538A798}.Debug|Any CPU.Build.0 = Debug|Any CPU
		{E87B7393-AA35-44B5-919F-F1E88538A798}.Release|Any CPU.ActiveCfg = Release|Any CPU
		{E87B7393-AA35-44B5-919F-F1E88538A798}.Release|Any CPU.Build.0 = Release|Any CPU
	EndGlobalSection
EndGlobal
